
Microsoft Visual Studio Solution File, Format Version 12.00
# Visual Studio 15
VisualStudioVersion = 15.0.28307.902
MinimumVisualStudioVersion = 10.0.40219.1
Project("{FAE04EC0-301F-11D3-BF4B-00C04F79EFBC}") = "01_Inheritance", "01_Inheritance.csproj", "{D4690B6E-5052-4C48-981C-34728DA89FC9}"
EndProject
Global
	GlobalSection(SolutionConfigurationPlatforms) = preSolution
		Debug|Any CPU = Debug|Any CPU
		Release|Any CPU = Release|Any CPU
	EndGlobalSection
	GlobalSection(ProjectConfigurationPlatforms) = postSolution
		{D4690B6E-5052-4C48-981C-34728DA89FC9}.Debug|Any CPU.ActiveCfg = Debug|Any CPU
		{D4690B6E-5052-4C48-981C-34728DA89FC9}.Debug|Any CPU.Build.0 = Debug|Any CPU
		{D4690B6E-5052-4C48-981C-34728DA89FC9}.Release|Any CPU.ActiveCfg = Release|Any CPU
		{D4690B6E-5052-4C48-981C-34728DA89FC9}.Release|Any CPU.Build.0 = Release|Any CPU
	EndGlobalSection
	GlobalSection(SolutionProperties) = preSolution
		HideSolutionNode = FALSE
	EndGlobalSection
	GlobalSection(ExtensibilityGlobals) = postSolution
		SolutionGuid = {EA958230-FF3B-4CF2-BEDD-029561E7C9C3}
	EndGlobalSection
EndGlobal
