
Microsoft Visual Studio Solution File, Format Version 12.00
# Visual Studio 15
VisualStudioVersion = 15.0.28307.902
MinimumVisualStudioVersion = 10.0.40219.1
Project("{FAE04EC0-301F-11D3-BF4B-00C04F79EFBC}") = "05_HandsOn", "05_HandsOn.csproj", "{7DAE132E-F593-426D-8B6E-7052066BB107}"
EndProject
Global
	GlobalSection(SolutionConfigurationPlatforms) = preSolution
		Debug|Any CPU = Debug|Any CPU
		Release|Any CPU = Release|Any CPU
	EndGlobalSection
	GlobalSection(ProjectConfigurationPlatforms) = postSolution
		{7DAE132E-F593-426D-8B6E-7052066BB107}.Debug|Any CPU.ActiveCfg = Debug|Any CPU
		{7DAE132E-F593-426D-8B6E-7052066BB107}.Debug|Any CPU.Build.0 = Debug|Any CPU
		{7DAE132E-F593-426D-8B6E-7052066BB107}.Release|Any CPU.ActiveCfg = Release|Any CPU
		{7DAE132E-F593-426D-8B6E-7052066BB107}.Release|Any CPU.Build.0 = Release|Any CPU
	EndGlobalSection
	GlobalSection(SolutionProperties) = preSolution
		HideSolutionNode = FALSE
	EndGlobalSection
	GlobalSection(ExtensibilityGlobals) = postSolution
		SolutionGuid = {189D2083-2178-4AAC-92B1-B0CAAEF0A1CA}
	EndGlobalSection
EndGlobal
