
Microsoft Visual Studio Solution File, Format Version 12.00
# Visual Studio 15
VisualStudioVersion = 15.0.28307.168
MinimumVisualStudioVersion = 10.0.40219.1
Project("{FAE04EC0-301F-11D3-BF4B-00C04F79EFBC}") = "HandsOnL06", "HandsOnL06\HandsOnL06.csproj", "{81324F10-BCC3-4569-ACAE-8E530D303791}"
EndProject
Global
	GlobalSection(SolutionConfigurationPlatforms) = preSolution
		Debug|Any CPU = Debug|Any CPU
		Release|Any CPU = Release|Any CPU
	EndGlobalSection
	GlobalSection(ProjectConfigurationPlatforms) = postSolution
		{81324F10-BCC3-4569-ACAE-8E530D303791}.Debug|Any CPU.ActiveCfg = Debug|Any CPU
		{81324F10-BCC3-4569-ACAE-8E530D303791}.Debug|Any CPU.Build.0 = Debug|Any CPU
		{81324F10-BCC3-4569-ACAE-8E530D303791}.Release|Any CPU.ActiveCfg = Release|Any CPU
		{81324F10-BCC3-4569-ACAE-8E530D303791}.Release|Any CPU.Build.0 = Release|Any CPU
	EndGlobalSection
	GlobalSection(SolutionProperties) = preSolution
		HideSolutionNode = FALSE
	EndGlobalSection
	GlobalSection(ExtensibilityGlobals) = postSolution
		SolutionGuid = {1A20BEA3-7D28-4A67-BF3C-1206ACB99635}
	EndGlobalSection
EndGlobal
