
Microsoft Visual Studio Solution File, Format Version 12.00
# Visual Studio 15
VisualStudioVersion = 15.0.28307.902
MinimumVisualStudioVersion = 10.0.40219.1
Project("{FAE04EC0-301F-11D3-BF4B-00C04F79EFBC}") = "04_IfElse", "04_IfElse\04_IfElse.csproj", "{AD8DF34A-E01A-4F95-BA00-2917E77A1F7C}"
EndProject
Global
	GlobalSection(SolutionConfigurationPlatforms) = preSolution
		Debug|Any CPU = Debug|Any CPU
		Release|Any CPU = Release|Any CPU
	EndGlobalSection
	GlobalSection(ProjectConfigurationPlatforms) = postSolution
		{AD8DF34A-E01A-4F95-BA00-2917E77A1F7C}.Debug|Any CPU.ActiveCfg = Debug|Any CPU
		{AD8DF34A-E01A-4F95-BA00-2917E77A1F7C}.Debug|Any CPU.Build.0 = Debug|Any CPU
		{AD8DF34A-E01A-4F95-BA00-2917E77A1F7C}.Release|Any CPU.ActiveCfg = Release|Any CPU
		{AD8DF34A-E01A-4F95-BA00-2917E77A1F7C}.Release|Any CPU.Build.0 = Release|Any CPU
	EndGlobalSection
	GlobalSection(SolutionProperties) = preSolution
		HideSolutionNode = FALSE
	EndGlobalSection
	GlobalSection(ExtensibilityGlobals) = postSolution
		SolutionGuid = {DA76D591-9987-4DE5-8DE7-94947DA5B2CB}
	EndGlobalSection
EndGlobal
