
Microsoft Visual Studio Solution File, Format Version 12.00
# Visual Studio 15
VisualStudioVersion = 15.0.28307.902
MinimumVisualStudioVersion = 10.0.40219.1
Project("{FAE04EC0-301F-11D3-BF4B-00C04F79EFBC}") = "03_Activity", "03_Activity\03_Activity.csproj", "{0CA1481C-15DE-4188-9716-276A6B5DED20}"
EndProject
Global
	GlobalSection(SolutionConfigurationPlatforms) = preSolution
		Debug|Any CPU = Debug|Any CPU
		Release|Any CPU = Release|Any CPU
	EndGlobalSection
	GlobalSection(ProjectConfigurationPlatforms) = postSolution
		{0CA1481C-15DE-4188-9716-276A6B5DED20}.Debug|Any CPU.ActiveCfg = Debug|Any CPU
		{0CA1481C-15DE-4188-9716-276A6B5DED20}.Debug|Any CPU.Build.0 = Debug|Any CPU
		{0CA1481C-15DE-4188-9716-276A6B5DED20}.Release|Any CPU.ActiveCfg = Release|Any CPU
		{0CA1481C-15DE-4188-9716-276A6B5DED20}.Release|Any CPU.Build.0 = Release|Any CPU
	EndGlobalSection
	GlobalSection(SolutionProperties) = preSolution
		HideSolutionNode = FALSE
	EndGlobalSection
	GlobalSection(ExtensibilityGlobals) = postSolution
		SolutionGuid = {449B3888-C64D-447A-8FBB-64D89E76A01F}
	EndGlobalSection
EndGlobal
