
Microsoft Visual Studio Solution File, Format Version 12.00
# Visual Studio 15
VisualStudioVersion = 15.0.28307.902
MinimumVisualStudioVersion = 10.0.40219.1
Project("{FAE04EC0-301F-11D3-BF4B-00C04F79EFBC}") = "02_DataTypes", "02_DataTypes\02_DataTypes.csproj", "{C3ED8446-C663-4BAB-A439-79C72425840E}"
EndProject
Global
	GlobalSection(SolutionConfigurationPlatforms) = preSolution
		Debug|Any CPU = Debug|Any CPU
		Release|Any CPU = Release|Any CPU
	EndGlobalSection
	GlobalSection(ProjectConfigurationPlatforms) = postSolution
		{C3ED8446-C663-4BAB-A439-79C72425840E}.Debug|Any CPU.ActiveCfg = Debug|Any CPU
		{C3ED8446-C663-4BAB-A439-79C72425840E}.Debug|Any CPU.Build.0 = Debug|Any CPU
		{C3ED8446-C663-4BAB-A439-79C72425840E}.Release|Any CPU.ActiveCfg = Release|Any CPU
		{C3ED8446-C663-4BAB-A439-79C72425840E}.Release|Any CPU.Build.0 = Release|Any CPU
	EndGlobalSection
	GlobalSection(SolutionProperties) = preSolution
		HideSolutionNode = FALSE
	EndGlobalSection
	GlobalSection(ExtensibilityGlobals) = postSolution
		SolutionGuid = {82F8E8CC-3336-4F99-8A7D-FEB15B5170D2}
	EndGlobalSection
EndGlobal
