
Microsoft Visual Studio Solution File, Format Version 12.00
# Visual Studio 15
VisualStudioVersion = 15.0.28307.902
MinimumVisualStudioVersion = 10.0.40219.1
Project("{FAE04EC0-301F-11D3-BF4B-00C04F79EFBC}") = "01_Array", "01_Array.csproj", "{180EE7C3-A6CE-4847-93AE-8384CDFE3915}"
EndProject
Global
	GlobalSection(SolutionConfigurationPlatforms) = preSolution
		Debug|Any CPU = Debug|Any CPU
		Release|Any CPU = Release|Any CPU
	EndGlobalSection
	GlobalSection(ProjectConfigurationPlatforms) = postSolution
		{180EE7C3-A6CE-4847-93AE-8384CDFE3915}.Debug|Any CPU.ActiveCfg = Debug|Any CPU
		{180EE7C3-A6CE-4847-93AE-8384CDFE3915}.Debug|Any CPU.Build.0 = Debug|Any CPU
		{180EE7C3-A6CE-4847-93AE-8384CDFE3915}.Release|Any CPU.ActiveCfg = Release|Any CPU
		{180EE7C3-A6CE-4847-93AE-8384CDFE3915}.Release|Any CPU.Build.0 = Release|Any CPU
	EndGlobalSection
	GlobalSection(SolutionProperties) = preSolution
		HideSolutionNode = FALSE
	EndGlobalSection
	GlobalSection(ExtensibilityGlobals) = postSolution
		SolutionGuid = {DC070F8F-29F6-4D95-9800-761268E29E20}
	EndGlobalSection
EndGlobal
