
Microsoft Visual Studio Solution File, Format Version 12.00
# Visual Studio 15
VisualStudioVersion = 15.0.28307.168
MinimumVisualStudioVersion = 10.0.40219.1
Project("{FAE04EC0-301F-11D3-BF4B-00C04F79EFBC}") = "FSWO103-AN", "FSWO103-AN\FSWO103-AN.csproj", "{89956A66-CB46-41C0-B8C2-D4EEAFE3702D}"
EndProject
Global
	GlobalSection(SolutionConfigurationPlatforms) = preSolution
		Debug|Any CPU = Debug|Any CPU
		Release|Any CPU = Release|Any CPU
	EndGlobalSection
	GlobalSection(ProjectConfigurationPlatforms) = postSolution
		{89956A66-CB46-41C0-B8C2-D4EEAFE3702D}.Debug|Any CPU.ActiveCfg = Debug|Any CPU
		{89956A66-CB46-41C0-B8C2-D4EEAFE3702D}.Debug|Any CPU.Build.0 = Debug|Any CPU
		{89956A66-CB46-41C0-B8C2-D4EEAFE3702D}.Release|Any CPU.ActiveCfg = Release|Any CPU
		{89956A66-CB46-41C0-B8C2-D4EEAFE3702D}.Release|Any CPU.Build.0 = Release|Any CPU
	EndGlobalSection
	GlobalSection(SolutionProperties) = preSolution
		HideSolutionNode = FALSE
	EndGlobalSection
	GlobalSection(ExtensibilityGlobals) = postSolution
		SolutionGuid = {2FD28947-685D-43EE-BE04-1407A3C40380}
	EndGlobalSection
EndGlobal
