
Microsoft Visual Studio Solution File, Format Version 12.00
# Visual Studio 15
VisualStudioVersion = 15.0.28307.136
MinimumVisualStudioVersion = 10.0.40219.1
Project("{FAE04EC0-301F-11D3-BF4B-00C04F79EFBC}") = "FSWO101", "FSWO101\FSWO101.csproj", "{36B3D4CE-660F-4132-A53F-9E77C7542EB8}"
EndProject
Global
	GlobalSection(SolutionConfigurationPlatforms) = preSolution
		Debug|Any CPU = Debug|Any CPU
		Release|Any CPU = Release|Any CPU
	EndGlobalSection
	GlobalSection(ProjectConfigurationPlatforms) = postSolution
		{36B3D4CE-660F-4132-A53F-9E77C7542EB8}.Debug|Any CPU.ActiveCfg = Debug|Any CPU
		{36B3D4CE-660F-4132-A53F-9E77C7542EB8}.Debug|Any CPU.Build.0 = Debug|Any CPU
		{36B3D4CE-660F-4132-A53F-9E77C7542EB8}.Release|Any CPU.ActiveCfg = Release|Any CPU
		{36B3D4CE-660F-4132-A53F-9E77C7542EB8}.Release|Any CPU.Build.0 = Release|Any CPU
	EndGlobalSection
	GlobalSection(SolutionProperties) = preSolution
		HideSolutionNode = FALSE
	EndGlobalSection
	GlobalSection(ExtensibilityGlobals) = postSolution
		SolutionGuid = {0FE5662F-A076-4563-AC99-0D988B9FCB22}
	EndGlobalSection
EndGlobal
