
Microsoft Visual Studio Solution File, Format Version 12.00
# Visual Studio 15
VisualStudioVersion = 15.0.28307.902
MinimumVisualStudioVersion = 10.0.40219.1
Project("{FAE04EC0-301F-11D3-BF4B-00C04F79EFBC}") = "Response01", "Response01\Response01.csproj", "{D1B2AAC7-C035-481B-8C02-12348BA58AD1}"
EndProject
Global
	GlobalSection(SolutionConfigurationPlatforms) = preSolution
		Debug|Any CPU = Debug|Any CPU
		Release|Any CPU = Release|Any CPU
	EndGlobalSection
	GlobalSection(ProjectConfigurationPlatforms) = postSolution
		{D1B2AAC7-C035-481B-8C02-12348BA58AD1}.Debug|Any CPU.ActiveCfg = Debug|Any CPU
		{D1B2AAC7-C035-481B-8C02-12348BA58AD1}.Debug|Any CPU.Build.0 = Debug|Any CPU
		{D1B2AAC7-C035-481B-8C02-12348BA58AD1}.Release|Any CPU.ActiveCfg = Release|Any CPU
		{D1B2AAC7-C035-481B-8C02-12348BA58AD1}.Release|Any CPU.Build.0 = Release|Any CPU
	EndGlobalSection
	GlobalSection(SolutionProperties) = preSolution
		HideSolutionNode = FALSE
	EndGlobalSection
	GlobalSection(ExtensibilityGlobals) = postSolution
		SolutionGuid = {ED47194F-8498-4A42-8931-E561C8D5B7ED}
	EndGlobalSection
EndGlobal
