
Microsoft Visual Studio Solution File, Format Version 12.00
# Visual Studio 15
VisualStudioVersion = 15.0.28307.902
MinimumVisualStudioVersion = 10.0.40219.1
Project("{FAE04EC0-301F-11D3-BF4B-00C04F79EFBC}") = "03_Abstract", "03_Abstract.csproj", "{4070B035-2AFF-4C28-AD75-C1882F475D52}"
EndProject
Global
	GlobalSection(SolutionConfigurationPlatforms) = preSolution
		Debug|Any CPU = Debug|Any CPU
		Release|Any CPU = Release|Any CPU
	EndGlobalSection
	GlobalSection(ProjectConfigurationPlatforms) = postSolution
		{4070B035-2AFF-4C28-AD75-C1882F475D52}.Debug|Any CPU.ActiveCfg = Debug|Any CPU
		{4070B035-2AFF-4C28-AD75-C1882F475D52}.Debug|Any CPU.Build.0 = Debug|Any CPU
		{4070B035-2AFF-4C28-AD75-C1882F475D52}.Release|Any CPU.ActiveCfg = Release|Any CPU
		{4070B035-2AFF-4C28-AD75-C1882F475D52}.Release|Any CPU.Build.0 = Release|Any CPU
	EndGlobalSection
	GlobalSection(SolutionProperties) = preSolution
		HideSolutionNode = FALSE
	EndGlobalSection
	GlobalSection(ExtensibilityGlobals) = postSolution
		SolutionGuid = {226BA023-F04D-4A0F-98AD-7194CA9E31BE}
	EndGlobalSection
EndGlobal
