
Microsoft Visual Studio Solution File, Format Version 12.00
# Visual Studio 15
VisualStudioVersion = 15.0.28307.902
MinimumVisualStudioVersion = 10.0.40219.1
Project("{FAE04EC0-301F-11D3-BF4B-00C04F79EFBC}") = "CodeMVCWebApplication", "CodeMVCWebApplication\CodeMVCWebApplication.csproj", "{1C81C12F-E08C-402A-9517-CD8B46D9EA43}"
EndProject
Project("{FAE04EC0-301F-11D3-BF4B-00C04F79EFBC}") = "MVCRazorSyntaxFeatures", "MVCRazorSyntaxFeatures\MVCRazorSyntaxFeatures.csproj", "{4662FD7F-7AEB-4EAC-AAB7-28FC5218B773}"
EndProject
Project("{FAE04EC0-301F-11D3-BF4B-00C04F79EFBC}") = "PracticeOnHandsL03", "PracticeOnHandsL03\PracticeOnHandsL03.csproj", "{D04C6962-F656-44B2-B6A0-99464DDE7181}"
EndProject
Global
	GlobalSection(SolutionConfigurationPlatforms) = preSolution
		Debug|Any CPU = Debug|Any CPU
		Release|Any CPU = Release|Any CPU
	EndGlobalSection
	GlobalSection(ProjectConfigurationPlatforms) = postSolution
		{1C81C12F-E08C-402A-9517-CD8B46D9EA43}.Debug|Any CPU.ActiveCfg = Debug|Any CPU
		{1C81C12F-E08C-402A-9517-CD8B46D9EA43}.Debug|Any CPU.Build.0 = Debug|Any CPU
		{1C81C12F-E08C-402A-9517-CD8B46D9EA43}.Release|Any CPU.ActiveCfg = Release|Any CPU
		{1C81C12F-E08C-402A-9517-CD8B46D9EA43}.Release|Any CPU.Build.0 = Release|Any CPU
		{4662FD7F-7AEB-4EAC-AAB7-28FC5218B773}.Debug|Any CPU.ActiveCfg = Debug|Any CPU
		{4662FD7F-7AEB-4EAC-AAB7-28FC5218B773}.Debug|Any CPU.Build.0 = Debug|Any CPU
		{4662FD7F-7AEB-4EAC-AAB7-28FC5218B773}.Release|Any CPU.ActiveCfg = Release|Any CPU
		{4662FD7F-7AEB-4EAC-AAB7-28FC5218B773}.Release|Any CPU.Build.0 = Release|Any CPU
		{D04C6962-F656-44B2-B6A0-99464DDE7181}.Debug|Any CPU.ActiveCfg = Debug|Any CPU
		{D04C6962-F656-44B2-B6A0-99464DDE7181}.Debug|Any CPU.Build.0 = Debug|Any CPU
		{D04C6962-F656-44B2-B6A0-99464DDE7181}.Release|Any CPU.ActiveCfg = Release|Any CPU
		{D04C6962-F656-44B2-B6A0-99464DDE7181}.Release|Any CPU.Build.0 = Release|Any CPU
	EndGlobalSection
	GlobalSection(SolutionProperties) = preSolution
		HideSolutionNode = FALSE
	EndGlobalSection
	GlobalSection(ExtensibilityGlobals) = postSolution
		SolutionGuid = {4E596B4B-0F66-4DAA-B284-08552B586019}
	EndGlobalSection
EndGlobal
