
Microsoft Visual Studio Solution File, Format Version 12.00
# Visual Studio 15
VisualStudioVersion = 15.0.28307.136
MinimumVisualStudioVersion = 10.0.40219.1
Project("{FAE04EC0-301F-11D3-BF4B-00C04F79EFBC}") = "FSWO101", "FSWO101\FSWO101.csproj", "{66215CB8-5CEB-43BA-AA34-5A2345DF3511}"
EndProject
Global
	GlobalSection(SolutionConfigurationPlatforms) = preSolution
		Debug|Any CPU = Debug|Any CPU
		Release|Any CPU = Release|Any CPU
	EndGlobalSection
	GlobalSection(ProjectConfigurationPlatforms) = postSolution
		{66215CB8-5CEB-43BA-AA34-5A2345DF3511}.Debug|Any CPU.ActiveCfg = Debug|Any CPU
		{66215CB8-5CEB-43BA-AA34-5A2345DF3511}.Debug|Any CPU.Build.0 = Debug|Any CPU
		{66215CB8-5CEB-43BA-AA34-5A2345DF3511}.Release|Any CPU.ActiveCfg = Release|Any CPU
		{66215CB8-5CEB-43BA-AA34-5A2345DF3511}.Release|Any CPU.Build.0 = Release|Any CPU
	EndGlobalSection
	GlobalSection(SolutionProperties) = preSolution
		HideSolutionNode = FALSE
	EndGlobalSection
	GlobalSection(ExtensibilityGlobals) = postSolution
		SolutionGuid = {54C22CC0-4587-40BA-BF22-9D4AEA8A2E21}
	EndGlobalSection
EndGlobal
