
Microsoft Visual Studio Solution File, Format Version 12.00
# Visual Studio 15
VisualStudioVersion = 15.0.28307.902
MinimumVisualStudioVersion = 10.0.40219.1
Project("{FAE04EC0-301F-11D3-BF4B-00C04F79EFBC}") = "05_HandsOn", "05_HandsOn.csproj", "{C5FB8E94-802D-41CA-96F5-BA1F6C1F3C71}"
EndProject
Global
	GlobalSection(SolutionConfigurationPlatforms) = preSolution
		Debug|Any CPU = Debug|Any CPU
		Release|Any CPU = Release|Any CPU
	EndGlobalSection
	GlobalSection(ProjectConfigurationPlatforms) = postSolution
		{C5FB8E94-802D-41CA-96F5-BA1F6C1F3C71}.Debug|Any CPU.ActiveCfg = Debug|Any CPU
		{C5FB8E94-802D-41CA-96F5-BA1F6C1F3C71}.Debug|Any CPU.Build.0 = Debug|Any CPU
		{C5FB8E94-802D-41CA-96F5-BA1F6C1F3C71}.Release|Any CPU.ActiveCfg = Release|Any CPU
		{C5FB8E94-802D-41CA-96F5-BA1F6C1F3C71}.Release|Any CPU.Build.0 = Release|Any CPU
	EndGlobalSection
	GlobalSection(SolutionProperties) = preSolution
		HideSolutionNode = FALSE
	EndGlobalSection
	GlobalSection(ExtensibilityGlobals) = postSolution
		SolutionGuid = {EF165579-0E63-41A8-82C3-41CF71396614}
	EndGlobalSection
EndGlobal
